
Microsoft Visual Studio Solution File, Format Version 12.00
# Visual Studio Version 16
VisualStudioVersion = 16.0.31205.134
MinimumVisualStudioVersion = 10.0.40219.1
Project("{FAE04EC0-301F-11D3-BF4B-00C04F79EFBC}") = "TheWamdahShop", "TheWamdahShop\TheWamdahShop.csproj", "{359755E3-5804-41A4-B970-1D06B7B030BA}"
EndProject
Project("{FAE04EC0-301F-11D3-BF4B-00C04F79EFBC}") = "TheWamdahShopWebTests", "TheWamdahShopWebTests\TheWamdahShopWebTests.csproj", "{8EFC7189-710D-429E-9981-DDFBB6787EE4}"
EndProject
Global
	GlobalSection(SolutionConfigurationPlatforms) = preSolution
		Debug|Any CPU = Debug|Any CPU
		Release|Any CPU = Release|Any CPU
	EndGlobalSection
	GlobalSection(ProjectConfigurationPlatforms) = postSolution
		{359755E3-5804-41A4-B970-1D06B7B030BA}.Debug|Any CPU.ActiveCfg = Debug|Any CPU
		{359755E3-5804-41A4-B970-1D06B7B030BA}.Debug|Any CPU.Build.0 = Debug|Any CPU
		{359755E3-5804-41A4-B970-1D06B7B030BA}.Release|Any CPU.ActiveCfg = Release|Any CPU
		{359755E3-5804-41A4-B970-1D06B7B030BA}.Release|Any CPU.Build.0 = Release|Any CPU
		{8EFC7189-710D-429E-9981-DDFBB6787EE4}.Debug|Any CPU.ActiveCfg = Debug|Any CPU
		{8EFC7189-710D-429E-9981-DDFBB6787EE4}.Debug|Any CPU.Build.0 = Debug|Any CPU
		{8EFC7189-710D-429E-9981-DDFBB6787EE4}.Release|Any CPU.ActiveCfg = Release|Any CPU
		{8EFC7189-710D-429E-9981-DDFBB6787EE4}.Release|Any CPU.Build.0 = Release|Any CPU
	EndGlobalSection
	GlobalSection(SolutionProperties) = preSolution
		HideSolutionNode = FALSE
	EndGlobalSection
	GlobalSection(ExtensibilityGlobals) = postSolution
		SolutionGuid = {ADF3B4C3-C677-4F9D-A6E8-657D1E0BC504}
	EndGlobalSection
EndGlobal
